
Microsoft Visual Studio Solution File, Format Version 12.00
# Visual Studio 15
VisualStudioVersion = 15.0.28307.136
MinimumVisualStudioVersion = 10.0.40219.1
Project("{FAE04EC0-301F-11D3-BF4B-00C04F79EFBC}") = "rs232sniff", "rs232sniff\rs232sniff.csproj", "{BBDB3663-ED69-41A3-A842-CFE4F8DD4523}"
EndProject
Global
	GlobalSection(SolutionConfigurationPlatforms) = preSolution
		Debug|Any CPU = Debug|Any CPU
		Release|Any CPU = Release|Any CPU
	EndGlobalSection
	GlobalSection(ProjectConfigurationPlatforms) = postSolution
		{BBDB3663-ED69-41A3-A842-CFE4F8DD4523}.Debug|Any CPU.ActiveCfg = Debug|Any CPU
		{BBDB3663-ED69-41A3-A842-CFE4F8DD4523}.Debug|Any CPU.Build.0 = Debug|Any CPU
		{BBDB3663-ED69-41A3-A842-CFE4F8DD4523}.Release|Any CPU.ActiveCfg = Release|Any CPU
		{BBDB3663-ED69-41A3-A842-CFE4F8DD4523}.Release|Any CPU.Build.0 = Release|Any CPU
	EndGlobalSection
	GlobalSection(SolutionProperties) = preSolution
		HideSolutionNode = FALSE
	EndGlobalSection
	GlobalSection(ExtensibilityGlobals) = postSolution
		SolutionGuid = {19B95C1D-5098-477F-8FBA-744B8EB2FC4A}
	EndGlobalSection
EndGlobal
